
Microsoft Visual Studio Solution File, Format Version 12.00
# Visual Studio Version 16
VisualStudioVersion = 16.0.30309.148
MinimumVisualStudioVersion = 10.0.40219.1
Project("{FAE04EC0-301F-11D3-BF4B-00C04F79EFBC}") = "UdemyConcurrencia", "UdemyConcurrencia\UdemyConcurrencia.csproj", "{532471C7-FB76-4F5D-BA07-186B861A4940}"
EndProject
Global
	GlobalSection(SolutionConfigurationPlatforms) = preSolution
		Debug|Any CPU = Debug|Any CPU
		Release|Any CPU = Release|Any CPU
	EndGlobalSection
	GlobalSection(ProjectConfigurationPlatforms) = postSolution
		{532471C7-FB76-4F5D-BA07-186B861A4940}.Debug|Any CPU.ActiveCfg = Debug|Any CPU
		{532471C7-FB76-4F5D-BA07-186B861A4940}.Debug|Any CPU.Build.0 = Debug|Any CPU
		{532471C7-FB76-4F5D-BA07-186B861A4940}.Release|Any CPU.ActiveCfg = Release|Any CPU
		{532471C7-FB76-4F5D-BA07-186B861A4940}.Release|Any CPU.Build.0 = Release|Any CPU
	EndGlobalSection
	GlobalSection(SolutionProperties) = preSolution
		HideSolutionNode = FALSE
	EndGlobalSection
	GlobalSection(ExtensibilityGlobals) = postSolution
		SolutionGuid = {7C7ED579-62BE-4B6B-A959-027F4892418B}
	EndGlobalSection
EndGlobal
